{
    "name": "telegram-bot",
    "version": "1.1.0",
    "lockfileVersion": 1,
    "requires": true,
    "dependencies": {
        "@sindresorhus/is": {
            "version": "0.14.0",
            "resolved": "https://registry.npmjs.org/@sindresorhus/is/-/is-0.14.0.tgz",
            "integrity": "sha512-9NET910DNaIPngYnLLPeg+Ogzqsi9uM4mSboU5y6p8S5DzMTVEsJZrawi+BoDNUVBa2DhJqQYUFvMDfgU062LQ=="
        },
        "@szmarczak/http-timer": {
            "version": "1.1.2",
            "resolved": "https://registry.npmjs.org/@szmarczak/http-timer/-/http-timer-1.1.2.tgz",
            "integrity": "sha512-XIB2XbzHTN6ieIjfIMV9hlVcfPU26s2vafYWQcZHWXHOxiaRZYEDKEwdl129Zyg50+foYV2jCgtrqSA6qNuNSA==",
            "requires": {
                "defer-to-connect": "^1.0.1"
            }
        },
        "@vitalets/google-translate-api": {
            "version": "7.0.0",
            "resolved": "https://registry.npmjs.org/@vitalets/google-translate-api/-/google-translate-api-7.0.0.tgz",
            "integrity": "sha512-zuKF+jG0EhFzRU/QAyHgTVzIDhrv5zDUmQWy7umwZryMbG8H0jK4fdMGrgla5AhQGU8ViiDWi/xbxNCKK7KHYA==",
            "requires": {
                "configstore": "^5.0.1",
                "got": "^9.6.0"
            }
        },
        "abort-controller": {
            "version": "3.0.0",
            "resolved": "https://registry.npmjs.org/abort-controller/-/abort-controller-3.0.0.tgz",
            "integrity": "sha512-h8lQ8tacZYnR3vNQTgibj+tODHI5/+l06Au2Pcriv/Gmet0eaj4TwWH41sO9wnHDiQsEj19q0drzdWdeAHtweg==",
            "requires": {
                "event-target-shim": "^5.0.0"
            }
        },
        "ansi-styles": {
            "version": "4.3.0",
            "resolved": "https://registry.npmjs.org/ansi-styles/-/ansi-styles-4.3.0.tgz",
            "integrity": "sha512-zbB9rCJAT1rbjiVDb2hqKFHNYLxgtk8NURxZ3IZwD3F6NtxbXZQCnnSi1Lkx+IDohdPlFp222wVALIheZJQSEg==",
            "requires": {
                "color-convert": "^2.0.1"
            }
        },
        "buffer-alloc": {
            "version": "1.2.0",
            "resolved": "https://registry.npmjs.org/buffer-alloc/-/buffer-alloc-1.2.0.tgz",
            "integrity": "sha512-CFsHQgjtW1UChdXgbyJGtnm+O/uLQeZdtbDo8mfUgYXCHSM1wgrVxXm6bSyrUuErEb+4sYVGCzASBRot7zyrow==",
            "requires": {
                "buffer-alloc-unsafe": "^1.1.0",
                "buffer-fill": "^1.0.0"
            }
        },
        "buffer-alloc-unsafe": {
            "version": "1.1.0",
            "resolved": "https://registry.npmjs.org/buffer-alloc-unsafe/-/buffer-alloc-unsafe-1.1.0.tgz",
            "integrity": "sha512-TEM2iMIEQdJ2yjPJoSIsldnleVaAk1oW3DBVUykyOLsEsFmEc9kn+SFFPz+gl54KQNxlDnAwCXosOS9Okx2xAg=="
        },
        "buffer-fill": {
            "version": "1.0.0",
            "resolved": "https://registry.npmjs.org/buffer-fill/-/buffer-fill-1.0.0.tgz",
            "integrity": "sha1-+PeLdniYiO858gXNY39o5wISKyw="
        },
        "cacheable-request": {
            "version": "6.1.0",
            "resolved": "https://registry.npmjs.org/cacheable-request/-/cacheable-request-6.1.0.tgz",
            "integrity": "sha512-Oj3cAGPCqOZX7Rz64Uny2GYAZNliQSqfbePrgAQ1wKAihYmCUnraBtJtKcGR4xz7wF+LoJC+ssFZvv5BgF9Igg==",
            "requires": {
                "clone-response": "^1.0.2",
                "get-stream": "^5.1.0",
                "http-cache-semantics": "^4.0.0",
                "keyv": "^3.0.0",
                "lowercase-keys": "^2.0.0",
                "normalize-url": "^4.1.0",
                "responselike": "^1.0.2"
            },
            "dependencies": {
                "get-stream": {
                    "version": "5.2.0",
                    "resolved": "https://registry.npmjs.org/get-stream/-/get-stream-5.2.0.tgz",
                    "integrity": "sha512-nBF+F1rAZVCu/p7rjzgA+Yb4lfYXrpl7a6VmJrU8wF9I1CKvP/QwPNZHnOlwbTkY6dvtFIzFMSyQXbLoTQPRpA==",
                    "requires": {
                        "pump": "^3.0.0"
                    }
                },
                "lowercase-keys": {
                    "version": "2.0.0",
                    "resolved": "https://registry.npmjs.org/lowercase-keys/-/lowercase-keys-2.0.0.tgz",
                    "integrity": "sha512-tqNXrS78oMOE73NMxK4EMLQsQowWf8jKooH9g7xPavRT706R6bkQJ6DY2Te7QukaZsulxa30wQ7bk0pm4XiHmA=="
                }
            }
        },
        "chalk": {
            "version": "4.1.2",
            "resolved": "https://registry.npmjs.org/chalk/-/chalk-4.1.2.tgz",
            "integrity": "sha512-oKnbhFyRIXpUuez8iBMmyEa4nbj4IOQyuhc/wy9kY7/WVPcwIO9VA668Pu8RkO7+0G76SLROeyw9CpQ061i4mA==",
            "requires": {
                "ansi-styles": "^4.1.0",
                "supports-color": "^7.1.0"
            }
        },
        "clone-response": {
            "version": "1.0.2",
            "resolved": "https://registry.npmjs.org/clone-response/-/clone-response-1.0.2.tgz",
            "integrity": "sha1-0dyXOSAxTfZ/vrlCI7TuNQI56Ws=",
            "requires": {
                "mimic-response": "^1.0.0"
            }
        },
        "color-convert": {
            "version": "2.0.1",
            "resolved": "https://registry.npmjs.org/color-convert/-/color-convert-2.0.1.tgz",
            "integrity": "sha512-RRECPsj7iu/xb5oKYcsFHSppFNnsj/52OVTRKb4zP5onXwVF3zVmmToNcOfGC+CRDpfK/U584fMg38ZHCaElKQ==",
            "requires": {
                "color-name": "~1.1.4"
            }
        },
        "color-name": {
            "version": "1.1.4",
            "resolved": "https://registry.npmjs.org/color-name/-/color-name-1.1.4.tgz",
            "integrity": "sha512-dOy+3AuW3a2wNbZHIuMZpTcgjGuLU/uBL/ubcZF9OXbDo8ff4O8yVp5Bf0efS8uEoYo5q4Fx7dY9OgQGXgAsQA=="
        },
        "configstore": {
            "version": "5.0.1",
            "resolved": "https://registry.npmjs.org/configstore/-/configstore-5.0.1.tgz",
            "integrity": "sha512-aMKprgk5YhBNyH25hj8wGt2+D52Sw1DRRIzqBwLp2Ya9mFmY8KPvvtvmna8SxVR9JMZ4kzMD68N22vlaRpkeFA==",
            "requires": {
                "dot-prop": "^5.2.0",
                "graceful-fs": "^4.1.2",
                "make-dir": "^3.0.0",
                "unique-string": "^2.0.0",
                "write-file-atomic": "^3.0.0",
                "xdg-basedir": "^4.0.0"
            }
        },
        "crypto-random-string": {
            "version": "2.0.0",
            "resolved": "https://registry.npmjs.org/crypto-random-string/-/crypto-random-string-2.0.0.tgz",
            "integrity": "sha512-v1plID3y9r/lPhviJ1wrXpLeyUIGAZ2SHNYTEapm7/8A9nLPoyvVp3RK/EPFqn5kEznyWgYZNsRtYYIWbuG8KA=="
        },
        "debug": {
            "version": "4.3.3",
            "resolved": "https://registry.npmjs.org/debug/-/debug-4.3.3.tgz",
            "integrity": "sha512-/zxw5+vh1Tfv+4Qn7a5nsbcJKPaSvCDhojn6FEl9vupwK2VCSDtEiEtqr8DFtzYFOdz63LBkxec7DYuc2jon6Q==",
            "requires": {
                "ms": "2.1.2"
            }
        },
        "decompress-response": {
            "version": "3.3.0",
            "resolved": "https://registry.npmjs.org/decompress-response/-/decompress-response-3.3.0.tgz",
            "integrity": "sha1-gKTdMjdIOEv6JICDYirt7Jgq3/M=",
            "requires": {
                "mimic-response": "^1.0.0"
            }
        },
        "defer-to-connect": {
            "version": "1.1.3",
            "resolved": "https://registry.npmjs.org/defer-to-connect/-/defer-to-connect-1.1.3.tgz",
            "integrity": "sha512-0ISdNousHvZT2EiFlZeZAHBUvSxmKswVCEf8hW7KWgG4a8MVEu/3Vb6uWYozkjylyCxe0JBIiRB1jV45S70WVQ=="
        },
        "dot-prop": {
            "version": "5.3.0",
            "resolved": "https://registry.npmjs.org/dot-prop/-/dot-prop-5.3.0.tgz",
            "integrity": "sha512-QM8q3zDe58hqUqjraQOmzZ1LIH9SWQJTlEKCH4kJ2oQvLZk7RbQXvtDM2XEq3fwkV9CCvvH4LA0AV+ogFsBM2Q==",
            "requires": {
                "is-obj": "^2.0.0"
            }
        },
        "duplexer3": {
            "version": "0.1.4",
            "resolved": "https://registry.npmjs.org/duplexer3/-/duplexer3-0.1.4.tgz",
            "integrity": "sha1-7gHdHKwO08vH/b6jfcCo8c4ALOI="
        },
        "end-of-stream": {
            "version": "1.4.4",
            "resolved": "https://registry.npmjs.org/end-of-stream/-/end-of-stream-1.4.4.tgz",
            "integrity": "sha512-+uw1inIHVPQoaVuHzRyXd21icM+cnt4CzD5rW+NC1wjOUSTOs+Te7FOv7AhN7vS9x/oIyhLP5PR1H+phQAHu5Q==",
            "requires": {
                "once": "^1.4.0"
            }
        },
        "event-target-shim": {
            "version": "5.0.1",
            "resolved": "https://registry.npmjs.org/event-target-shim/-/event-target-shim-5.0.1.tgz",
            "integrity": "sha512-i/2XbnSz/uxRCU6+NdVJgKWDTM427+MqYbkQzD321DuCQJUqOuJKIA0IM2+W2xtYHdKOmZ4dR6fExsd4SXL+WQ=="
        },
        "get-stream": {
            "version": "4.1.0",
            "resolved": "https://registry.npmjs.org/get-stream/-/get-stream-4.1.0.tgz",
            "integrity": "sha512-GMat4EJ5161kIy2HevLlr4luNjBgvmj413KaQA7jt4V8B4RDsfpHk7WQ9GVqfYyyx8OS/L66Kox+rJRNklLK7w==",
            "requires": {
                "pump": "^3.0.0"
            }
        },
        "got": {
            "version": "9.6.0",
            "resolved": "https://registry.npmjs.org/got/-/got-9.6.0.tgz",
            "integrity": "sha512-R7eWptXuGYxwijs0eV+v3o6+XH1IqVK8dJOEecQfTmkncw9AV4dcw/Dhxi8MdlqPthxxpZyizMzyg8RTmEsG+Q==",
            "requires": {
                "@sindresorhus/is": "^0.14.0",
                "@szmarczak/http-timer": "^1.1.2",
                "cacheable-request": "^6.0.0",
                "decompress-response": "^3.3.0",
                "duplexer3": "^0.1.4",
                "get-stream": "^4.1.0",
                "lowercase-keys": "^1.0.1",
                "mimic-response": "^1.0.1",
                "p-cancelable": "^1.0.0",
                "to-readable-stream": "^1.0.0",
                "url-parse-lax": "^3.0.0"
            }
        },
        "graceful-fs": {
            "version": "4.2.9",
            "resolved": "https://registry.npmjs.org/graceful-fs/-/graceful-fs-4.2.9.tgz",
            "integrity": "sha512-NtNxqUcXgpW2iMrfqSfR73Glt39K+BLwWsPs94yR63v45T0Wbej7eRmL5cWfwEgqXnmjQp3zaJTshdRW/qC2ZQ=="
        },
        "has-flag": {
            "version": "4.0.0",
            "resolved": "https://registry.npmjs.org/has-flag/-/has-flag-4.0.0.tgz",
            "integrity": "sha512-EykJT/Q1KjTWctppgIAgfSO0tKVuZUjhgMr17kqTumMl6Afv3EISleU7qZUzoXDFTAHTDC4NOoG/ZxU3EvlMPQ=="
        },
        "http-cache-semantics": {
            "version": "4.1.0",
            "resolved": "https://registry.npmjs.org/http-cache-semantics/-/http-cache-semantics-4.1.0.tgz",
            "integrity": "sha512-carPklcUh7ROWRK7Cv27RPtdhYhUsela/ue5/jKzjegVvXDqM2ILE9Q2BGn9JZJh1g87cp56su/FgQSzcWS8cQ=="
        },
        "imurmurhash": {
            "version": "0.1.4",
            "resolved": "https://registry.npmjs.org/imurmurhash/-/imurmurhash-0.1.4.tgz",
            "integrity": "sha1-khi5srkoojixPcT7a21XbyMUU+o="
        },
        "is-obj": {
            "version": "2.0.0",
            "resolved": "https://registry.npmjs.org/is-obj/-/is-obj-2.0.0.tgz",
            "integrity": "sha512-drqDG3cbczxxEJRoOXcOjtdp1J/lyp1mNn0xaznRs8+muBhgQcrnbspox5X5fOw0HnMnbfDzvnEMEtqDEJEo8w=="
        },
        "is-typedarray": {
            "version": "1.0.0",
            "resolved": "https://registry.npmjs.org/is-typedarray/-/is-typedarray-1.0.0.tgz",
            "integrity": "sha1-5HnICFjfDBsR3dppQPlgEfzaSpo="
        },
        "json-buffer": {
            "version": "3.0.0",
            "resolved": "https://registry.npmjs.org/json-buffer/-/json-buffer-3.0.0.tgz",
            "integrity": "sha1-Wx85evx11ne96Lz8Dkfh+aPZqJg="
        },
        "keyv": {
            "version": "3.1.0",
            "resolved": "https://registry.npmjs.org/keyv/-/keyv-3.1.0.tgz",
            "integrity": "sha512-9ykJ/46SN/9KPM/sichzQ7OvXyGDYKGTaDlKMGCAlg2UK8KRy4jb0d8sFc+0Tt0YYnThq8X2RZgCg74RPxgcVA==",
            "requires": {
                "json-buffer": "3.0.0"
            }
        },
        "lowercase-keys": {
            "version": "1.0.1",
            "resolved": "https://registry.npmjs.org/lowercase-keys/-/lowercase-keys-1.0.1.tgz",
            "integrity": "sha512-G2Lj61tXDnVFFOi8VZds+SoQjtQC3dgokKdDG2mTm1tx4m50NUHBOZSBwQQHyy0V12A0JTG4icfZQH+xPyh8VA=="
        },
        "make-dir": {
            "version": "3.1.0",
            "resolved": "https://registry.npmjs.org/make-dir/-/make-dir-3.1.0.tgz",
            "integrity": "sha512-g3FeP20LNwhALb/6Cz6Dd4F2ngze0jz7tbzrD2wAV+o9FeNHe4rL+yK2md0J/fiSf1sa1ADhXqi5+oVwOM/eGw==",
            "requires": {
                "semver": "^6.0.0"
            }
        },
        "mimic-response": {
            "version": "1.0.1",
            "resolved": "https://registry.npmjs.org/mimic-response/-/mimic-response-1.0.1.tgz",
            "integrity": "sha512-j5EctnkH7amfV/q5Hgmoal1g2QHFJRraOtmx0JpIqkxhBhI/lJSl1nMpQ45hVarwNETOoWEimndZ4QK0RHxuxQ=="
        },
        "minimist": {
            "version": "1.2.5",
            "resolved": "https://registry.npmjs.org/minimist/-/minimist-1.2.5.tgz",
            "integrity": "sha512-FM9nNUYrRBAELZQT3xeZQ7fmMOBg6nWNmJKTcgsJeaLstP/UODVpGsr5OhXhhXg6f+qtJ8uiZ+PUxkDWcgIXLw=="
        },
        "module-alias": {
            "version": "2.2.2",
            "resolved": "https://registry.npmjs.org/module-alias/-/module-alias-2.2.2.tgz",
            "integrity": "sha512-A/78XjoX2EmNvppVWEhM2oGk3x4lLxnkEA4jTbaK97QKSDjkIoOsKQlfylt/d3kKKi596Qy3NP5XrXJ6fZIC9Q=="
        },
        "ms": {
            "version": "2.1.2",
            "resolved": "https://registry.npmjs.org/ms/-/ms-2.1.2.tgz",
            "integrity": "sha512-sGkPx+VjMtmA6MX27oA4FBFELFCZZ4S4XqeGOXCv68tT+jb3vk/RyaKWP0PTKyWtmLSM0b+adUTEvbs1PEaH2w=="
        },
        "node-fetch": {
            "version": "2.6.7",
            "resolved": "https://registry.npmjs.org/node-fetch/-/node-fetch-2.6.7.tgz",
            "integrity": "sha512-ZjMPFEfVx5j+y2yF35Kzx5sF7kDzxuDj6ziH4FFbOp87zKDZNx8yExJIb05OGF4Nlt9IHFIMBkRl41VdvcNdbQ==",
            "requires": {
                "whatwg-url": "^5.0.0"
            }
        },
        "normalize-url": {
            "version": "4.5.1",
            "resolved": "https://registry.npmjs.org/normalize-url/-/normalize-url-4.5.1.tgz",
            "integrity": "sha512-9UZCFRHQdNrfTpGg8+1INIg93B6zE0aXMVFkw1WFwvO4SlZywU6aLg5Of0Ap/PgcbSw4LNxvMWXMeugwMCX0AA=="
        },
        "once": {
            "version": "1.4.0",
            "resolved": "https://registry.npmjs.org/once/-/once-1.4.0.tgz",
            "integrity": "sha1-WDsap3WWHUsROsF9nFC6753Xa9E=",
            "requires": {
                "wrappy": "1"
            }
        },
        "p-cancelable": {
            "version": "1.1.0",
            "resolved": "https://registry.npmjs.org/p-cancelable/-/p-cancelable-1.1.0.tgz",
            "integrity": "sha512-s73XxOZ4zpt1edZYZzvhqFa6uvQc1vwUa0K0BdtIZgQMAJj9IbebH+JkgKZc9h+B05PKHLOTl4ajG1BmNrVZlw=="
        },
        "p-timeout": {
            "version": "4.1.0",
            "resolved": "https://registry.npmjs.org/p-timeout/-/p-timeout-4.1.0.tgz",
            "integrity": "sha512-+/wmHtzJuWii1sXn3HCuH/FTwGhrp4tmJTxSKJbfS+vkipci6osxXM5mY0jUiRzWKMTgUT8l7HFbeSwZAynqHw=="
        },
        "prepend-http": {
            "version": "2.0.0",
            "resolved": "https://registry.npmjs.org/prepend-http/-/prepend-http-2.0.0.tgz",
            "integrity": "sha1-6SQ0v6XqjBn0HN/UAddBo8gZ2Jc="
        },
        "pump": {
            "version": "3.0.0",
            "resolved": "https://registry.npmjs.org/pump/-/pump-3.0.0.tgz",
            "integrity": "sha512-LwZy+p3SFs1Pytd/jYct4wpv49HiYCqd9Rlc5ZVdk0V+8Yzv6jR5Blk3TRmPL1ft69TxP0IMZGJ+WPFU2BFhww==",
            "requires": {
                "end-of-stream": "^1.1.0",
                "once": "^1.3.1"
            }
        },
        "responselike": {
            "version": "1.0.2",
            "resolved": "https://registry.npmjs.org/responselike/-/responselike-1.0.2.tgz",
            "integrity": "sha1-kYcg7ztjHFZCvgaPFa3lpG9Loec=",
            "requires": {
                "lowercase-keys": "^1.0.0"
            }
        },
        "safe-compare": {
            "version": "1.1.4",
            "resolved": "https://registry.npmjs.org/safe-compare/-/safe-compare-1.1.4.tgz",
            "integrity": "sha512-b9wZ986HHCo/HbKrRpBJb2kqXMK9CEWIE1egeEvZsYn69ay3kdfl9nG3RyOcR+jInTDf7a86WQ1d4VJX7goSSQ==",
            "requires": {
                "buffer-alloc": "^1.2.0"
            }
        },
        "sandwich-stream": {
            "version": "2.0.2",
            "resolved": "https://registry.npmjs.org/sandwich-stream/-/sandwich-stream-2.0.2.tgz",
            "integrity": "sha512-jLYV0DORrzY3xaz/S9ydJL6Iz7essZeAfnAavsJ+zsJGZ1MOnsS52yRjU3uF3pJa/lla7+wisp//fxOwOH8SKQ=="
        },
        "semver": {
            "version": "6.3.0",
            "resolved": "https://registry.npmjs.org/semver/-/semver-6.3.0.tgz",
            "integrity": "sha512-b39TBaTSfV6yBrapU89p5fKekE2m/NwnDocOVruQFS1/veMgdzuPcnOM34M6CwxW8jH/lxEa5rBoDeUwu5HHTw=="
        },
        "short.io": {
            "version": "1.3.1",
            "resolved": "https://registry.npmjs.org/short.io/-/short.io-1.3.1.tgz",
            "integrity": "sha512-dOh1WgkyUDFIQrP++F8rqo/9UmrUXX/7+gURJl9/qmx6tJBBsD1PEZfFr4Rv6/apv5hYDq+LI6qskiSVpfh7Xw==",
            "requires": {
                "node-fetch": "^2.6.1"
            }
        },
        "signal-exit": {
            "version": "3.0.6",
            "resolved": "https://registry.npmjs.org/signal-exit/-/signal-exit-3.0.6.tgz",
            "integrity": "sha512-sDl4qMFpijcGw22U5w63KmD3cZJfBuFlVNbVMKje2keoKML7X2UzWbc4XrmEbDwg0NXJc3yv4/ox7b+JWb57kQ=="
        },
        "supports-color": {
            "version": "7.2.0",
            "resolved": "https://registry.npmjs.org/supports-color/-/supports-color-7.2.0.tgz",
            "integrity": "sha512-qpCAvRl9stuOHveKsn7HncJRvv501qIacKzQlO/+Lwxc9+0q2wLyv4Dfvt80/DPn2pqOBsJdDiogXGR9+OvwRw==",
            "requires": {
                "has-flag": "^4.0.0"
            }
        },
        "telegraf": {
            "version": "4.6.0",
            "resolved": "https://registry.npmjs.org/telegraf/-/telegraf-4.6.0.tgz",
            "integrity": "sha512-77JqMIyEd8jN5meTp6F50ILVsqxMaVplbDZtGNfJhVr75ZsnClLYt+z3p61cOcACaPIlgOtqzQwN0wtjVjdiCg==",
            "requires": {
                "abort-controller": "^3.0.0",
                "debug": "^4.3.3",
                "minimist": "^1.2.5",
                "module-alias": "^2.2.2",
                "node-fetch": "^2.6.6",
                "p-timeout": "^4.1.0",
                "safe-compare": "^1.1.4",
                "sandwich-stream": "^2.0.2",
                "typegram": "^3.7.0"
            }
        },
        "to-readable-stream": {
            "version": "1.0.0",
            "resolved": "https://registry.npmjs.org/to-readable-stream/-/to-readable-stream-1.0.0.tgz",
            "integrity": "sha512-Iq25XBt6zD5npPhlLVXGFN3/gyR2/qODcKNNyTMd4vbm39HUaOiAM4PMq0eMVC/Tkxz+Zjdsc55g9yyz+Yq00Q=="
        },
        "tr46": {
            "version": "0.0.3",
            "resolved": "https://registry.npmjs.org/tr46/-/tr46-0.0.3.tgz",
            "integrity": "sha1-gYT9NH2snNwYWZLzpmIuFLnZq2o="
        },
        "typedarray-to-buffer": {
            "version": "3.1.5",
            "resolved": "https://registry.npmjs.org/typedarray-to-buffer/-/typedarray-to-buffer-3.1.5.tgz",
            "integrity": "sha512-zdu8XMNEDepKKR+XYOXAVPtWui0ly0NtohUscw+UmaHiAWT8hrV1rr//H6V+0DvJ3OQ19S979M0laLfX8rm82Q==",
            "requires": {
                "is-typedarray": "^1.0.0"
            }
        },
        "typegram": {
            "version": "3.8.0",
            "resolved": "https://registry.npmjs.org/typegram/-/typegram-3.8.0.tgz",
            "integrity": "sha512-MdlbWu0HfmgFJf4+xj6eqGYuanV2LJxBYTzLrD0kTV+woQ5dxDD2k8UVVjYnbBGkAagAyxzQevPiFZRWLFHSBw=="
        },
        "unique-string": {
            "version": "2.0.0",
            "resolved": "https://registry.npmjs.org/unique-string/-/unique-string-2.0.0.tgz",
            "integrity": "sha512-uNaeirEPvpZWSgzwsPGtU2zVSTrn/8L5q/IexZmH0eH6SA73CmAA5U4GwORTxQAZs95TAXLNqeLoPPNO5gZfWg==",
            "requires": {
                "crypto-random-string": "^2.0.0"
            }
        },
        "url-parse-lax": {
            "version": "3.0.0",
            "resolved": "https://registry.npmjs.org/url-parse-lax/-/url-parse-lax-3.0.0.tgz",
            "integrity": "sha1-FrXK/Afb42dsGxmZF3gj1lA6yww=",
            "requires": {
                "prepend-http": "^2.0.0"
            }
        },
        "webidl-conversions": {
            "version": "3.0.1",
            "resolved": "https://registry.npmjs.org/webidl-conversions/-/webidl-conversions-3.0.1.tgz",
            "integrity": "sha1-JFNCdeKnvGvnvIZhHMFq4KVlSHE="
        },
        "whatwg-url": {
            "version": "5.0.0",
            "resolved": "https://registry.npmjs.org/whatwg-url/-/whatwg-url-5.0.0.tgz",
            "integrity": "sha1-lmRU6HZUYuN2RNNib2dCzotwll0=",
            "requires": {
                "tr46": "~0.0.3",
                "webidl-conversions": "^3.0.0"
            }
        },
        "wrappy": {
            "version": "1.0.2",
            "resolved": "https://registry.npmjs.org/wrappy/-/wrappy-1.0.2.tgz",
            "integrity": "sha1-tSQ9jz7BqjXxNkYFvA0QNuMKtp8="
        },
        "write-file-atomic": {
            "version": "3.0.3",
            "resolved": "https://registry.npmjs.org/write-file-atomic/-/write-file-atomic-3.0.3.tgz",
            "integrity": "sha512-AvHcyZ5JnSfq3ioSyjrBkH9yW4m7Ayk8/9My/DD9onKeu/94fwrMocemO2QAJFAlnnDN+ZDS+ZjAR5ua1/PV/Q==",
            "requires": {
                "imurmurhash": "^0.1.4",
                "is-typedarray": "^1.0.0",
                "signal-exit": "^3.0.2",
                "typedarray-to-buffer": "^3.1.5"
            }
        },
        "xdg-basedir": {
            "version": "4.0.0",
            "resolved": "https://registry.npmjs.org/xdg-basedir/-/xdg-basedir-4.0.0.tgz",
            "integrity": "sha512-PSNhEJDejZYV7h50BohL09Er9VaIefr2LMAf3OEmpCkjOi34eYyQYAXUTjEQtZJTKcF0E2UKTh+osDLsgNim9Q=="
        }
    }
}
